
Microsoft Visual Studio Solution File, Format Version 12.00
# Visual Studio 2013
VisualStudioVersion = 12.0.21005.1
MinimumVisualStudioVersion = 10.0.40219.1
Project("{FAE04EC0-301F-11D3-BF4B-00C04F79EFBC}") = "ManageSpa", "ManageSpa.csproj", "{A80FDF40-BA60-4261-A989-9EB10F877B0B}"
EndProject
Project("{FAE04EC0-301F-11D3-BF4B-00C04F79EFBC}") = "DTO", "DTO\DTO.csproj", "{5A5BA585-0E64-4B1C-99BC-52FD7AA5789A}"
EndProject
Project("{FAE04EC0-301F-11D3-BF4B-00C04F79EFBC}") = "DAO", "DAO\DAO.csproj", "{31D18B17-53F1-4EBE-AEFC-427925FC7D15}"
EndProject
Project("{FAE04EC0-301F-11D3-BF4B-00C04F79EFBC}") = "BUS", "BUS\BUS.csproj", "{27A2B03C-F3BB-4CA9-B787-FAA4972B23B6}"
EndProject
Global
	GlobalSection(SolutionConfigurationPlatforms) = preSolution
		Debug|Any CPU = Debug|Any CPU
		Release|Any CPU = Release|Any CPU
	EndGlobalSection
	GlobalSection(ProjectConfigurationPlatforms) = postSolution
		{A80FDF40-BA60-4261-A989-9EB10F877B0B}.Debug|Any CPU.ActiveCfg = Debug|Any CPU
		{A80FDF40-BA60-4261-A989-9EB10F877B0B}.Debug|Any CPU.Build.0 = Debug|Any CPU
		{A80FDF40-BA60-4261-A989-9EB10F877B0B}.Release|Any CPU.ActiveCfg = Release|Any CPU
		{A80FDF40-BA60-4261-A989-9EB10F877B0B}.Release|Any CPU.Build.0 = Release|Any CPU
		{5A5BA585-0E64-4B1C-99BC-52FD7AA5789A}.Debug|Any CPU.ActiveCfg = Debug|Any CPU
		{5A5BA585-0E64-4B1C-99BC-52FD7AA5789A}.Debug|Any CPU.Build.0 = Debug|Any CPU
		{5A5BA585-0E64-4B1C-99BC-52FD7AA5789A}.Release|Any CPU.ActiveCfg = Release|Any CPU
		{5A5BA585-0E64-4B1C-99BC-52FD7AA5789A}.Release|Any CPU.Build.0 = Release|Any CPU
		{31D18B17-53F1-4EBE-AEFC-427925FC7D15}.Debug|Any CPU.ActiveCfg = Debug|Any CPU
		{31D18B17-53F1-4EBE-AEFC-427925FC7D15}.Debug|Any CPU.Build.0 = Debug|Any CPU
		{31D18B17-53F1-4EBE-AEFC-427925FC7D15}.Release|Any CPU.ActiveCfg = Release|Any CPU
		{31D18B17-53F1-4EBE-AEFC-427925FC7D15}.Release|Any CPU.Build.0 = Release|Any CPU
		{27A2B03C-F3BB-4CA9-B787-FAA4972B23B6}.Debug|Any CPU.ActiveCfg = Debug|Any CPU
		{27A2B03C-F3BB-4CA9-B787-FAA4972B23B6}.Debug|Any CPU.Build.0 = Debug|Any CPU
		{27A2B03C-F3BB-4CA9-B787-FAA4972B23B6}.Release|Any CPU.ActiveCfg = Release|Any CPU
		{27A2B03C-F3BB-4CA9-B787-FAA4972B23B6}.Release|Any CPU.Build.0 = Release|Any CPU
	EndGlobalSection
	GlobalSection(SolutionProperties) = preSolution
		HideSolutionNode = FALSE
	EndGlobalSection
EndGlobal
